// !$*UTF8*$!
{
	archiveVersion = 1;
	classes = {
	};
	objectVersion = 55;
	objects = {

/* Begin PBXBuildFile section */
		85A4E9792839D12B00C31ACC /* AppDelegate.swift in Sources */ = {isa = PBXBuildFile; fileRef = 85A4E9782839D12B00C31ACC /* AppDelegate.swift */; };
		85A4E97B2839D12B00C31ACC /* SceneDelegate.swift in Sources */ = {isa = PBXBuildFile; fileRef = 85A4E97A2839D12B00C31ACC /* SceneDelegate.swift */; };
		85A4E9802839D12B00C31ACC /* Main.storyboard in Resources */ = {isa = PBXBuildFile; fileRef = 85A4E97E2839D12B00C31ACC /* Main.storyboard */; };
		85A4E9822839D12E00C31ACC /* Assets.xcassets in Resources */ = {isa = PBXBuildFile; fileRef = 85A4E9812839D12E00C31ACC /* Assets.xcassets */; };
		85A4E9852839D12E00C31ACC /* LaunchScreen.storyboard in Resources */ = {isa = PBXBuildFile; fileRef = 85A4E9832839D12E00C31ACC /* LaunchScreen.storyboard */; };
		85A4E9A92839D9C900C31ACC /* SetDestViewController.swift in Sources */ = {isa = PBXBuildFile; fileRef = 85A4E9A82839D9C900C31ACC /* SetDestViewController.swift */; };
		85A4E9AC283B7CD000C31ACC /* FloatingPanel in Frameworks */ = {isa = PBXBuildFile; productRef = 85A4E9AB283B7CD000C31ACC /* FloatingPanel */; };
		85A4E9B428405FF800C31ACC /* SearchViewController.swift in Sources */ = {isa = PBXBuildFile; fileRef = 85A4E9B328405FF800C31ACC /* SearchViewController.swift */; };
		85A4E9B6284061EC00C31ACC /* CustomFloatingPanelLayout.swift in Sources */ = {isa = PBXBuildFile; fileRef = 85A4E9B5284061EC00C31ACC /* CustomFloatingPanelLayout.swift */; };
		85A4E9B82845980D00C31ACC /* MapViewController.swift in Sources */ = {isa = PBXBuildFile; fileRef = 85A4E9B72845980D00C31ACC /* MapViewController.swift */; };
		85EB2BD8284B9E26001A19B4 /* SetDestFloatingPanelLayout.swift in Sources */ = {isa = PBXBuildFile; fileRef = 85EB2BD7284B9E26001A19B4 /* SetDestFloatingPanelLayout.swift */; };
/* End PBXBuildFile section */

/* Begin PBXContainerItemProxy section */
		85A4E98C2839D12F00C31ACC /* PBXContainerItemProxy */ = {
			isa = PBXContainerItemProxy;
			containerPortal = 85A4E96D2839D12B00C31ACC /* Project object */;
			proxyType = 1;
			remoteGlobalIDString = 85A4E9742839D12B00C31ACC;
			remoteInfo = Oriruyo;
		};
		85A4E9962839D12F00C31ACC /* PBXContainerItemProxy */ = {
			isa = PBXContainerItemProxy;
			containerPortal = 85A4E96D2839D12B00C31ACC /* Project object */;
			proxyType = 1;
			remoteGlobalIDString = 85A4E9742839D12B00C31ACC;
			remoteInfo = Oriruyo;
		};
/* End PBXContainerItemProxy section */

/* Begin PBXFileReference section */
		85A4E9752839D12B00C31ACC /* Oriruyo.app */ = {isa = PBXFileReference; explicitFileType = wrapper.application; includeInIndex = 0; path = Oriruyo.app; sourceTree = BUILT_PRODUCTS_DIR; };
		85A4E9782839D12B00C31ACC /* AppDelegate.swift */ = {isa = PBXFileReference; lastKnownFileType = sourcecode.swift; path = AppDelegate.swift; sourceTree = "<group>"; };
		85A4E97A2839D12B00C31ACC /* SceneDelegate.swift */ = {isa = PBXFileReference; lastKnownFileType = sourcecode.swift; path = SceneDelegate.swift; sourceTree = "<group>"; };
		85A4E97F2839D12B00C31ACC /* Base */ = {isa = PBXFileReference; lastKnownFileType = file.storyboard; name = Base; path = Base.lproj/Main.storyboard; sourceTree = "<group>"; };
		85A4E9812839D12E00C31ACC /* Assets.xcassets */ = {isa = PBXFileReference; lastKnownFileType = folder.assetcatalog; path = Assets.xcassets; sourceTree = "<group>"; };
		85A4E9842839D12E00C31ACC /* Base */ = {isa = PBXFileReference; lastKnownFileType = file.storyboard; name = Base; path = Base.lproj/LaunchScreen.storyboard; sourceTree = "<group>"; };
		85A4E9862839D12E00C31ACC /* Info.plist */ = {isa = PBXFileReference; lastKnownFileType = text.plist.xml; path = Info.plist; sourceTree = "<group>"; };
		85A4E98B2839D12F00C31ACC /* OriruyoTests.xctest */ = {isa = PBXFileReference; explicitFileType = wrapper.cfbundle; includeInIndex = 0; path = OriruyoTests.xctest; sourceTree = BUILT_PRODUCTS_DIR; };
		85A4E9952839D12F00C31ACC /* OriruyoUITests.xctest */ = {isa = PBXFileReference; explicitFileType = wrapper.cfbundle; includeInIndex = 0; path = OriruyoUITests.xctest; sourceTree = BUILT_PRODUCTS_DIR; };
		85A4E9A82839D9C900C31ACC /* SetDestViewController.swift */ = {isa = PBXFileReference; lastKnownFileType = sourcecode.swift; path = SetDestViewController.swift; sourceTree = "<group>"; };
		85A4E9B328405FF800C31ACC /* SearchViewController.swift */ = {isa = PBXFileReference; lastKnownFileType = sourcecode.swift; path = SearchViewController.swift; sourceTree = "<group>"; };
		85A4E9B5284061EC00C31ACC /* CustomFloatingPanelLayout.swift */ = {isa = PBXFileReference; lastKnownFileType = sourcecode.swift; path = CustomFloatingPanelLayout.swift; sourceTree = "<group>"; };
		85A4E9B72845980D00C31ACC /* MapViewController.swift */ = {isa = PBXFileReference; lastKnownFileType = sourcecode.swift; path = MapViewController.swift; sourceTree = "<group>"; };
		85EB2BD7284B9E26001A19B4 /* SetDestFloatingPanelLayout.swift */ = {isa = PBXFileReference; lastKnownFileType = sourcecode.swift; path = SetDestFloatingPanelLayout.swift; sourceTree = "<group>"; };
		85EBB0B3285181D400105C12 /* Oriruyo.entitlements */ = {isa = PBXFileReference; lastKnownFileType = text.plist.entitlements; path = Oriruyo.entitlements; sourceTree = "<group>"; };
/* End PBXFileReference section */

/* Begin PBXFrameworksBuildPhase section */
		85A4E9722839D12B00C31ACC /* Frameworks */ = {
			isa = PBXFrameworksBuildPhase;
			buildActionMask = 2147483647;
			files = (
				85A4E9AC283B7CD000C31ACC /* FloatingPanel in Frameworks */,
			);
			runOnlyForDeploymentPostprocessing = 0;
		};
		85A4E9882839D12F00C31ACC /* Frameworks */ = {
			isa = PBXFrameworksBuildPhase;
			buildActionMask = 2147483647;
			files = (
			);
			runOnlyForDeploymentPostprocessing = 0;
		};
		85A4E9922839D12F00C31ACC /* Frameworks */ = {
			isa = PBXFrameworksBuildPhase;
			buildActionMask = 2147483647;
			files = (
			);
			runOnlyForDeploymentPostprocessing = 0;
		};
/* End PBXFrameworksBuildPhase section */

/* Begin PBXGroup section */
		85A4E96C2839D12B00C31ACC = {
			isa = PBXGroup;
			children = (
				85A4E9772839D12B00C31ACC /* Oriruyo */,
				85A4E9762839D12B00C31ACC /* Products */,
			);
			sourceTree = "<group>";
		};
		85A4E9762839D12B00C31ACC /* Products */ = {
			isa = PBXGroup;
			children = (
				85A4E9752839D12B00C31ACC /* Oriruyo.app */,
				85A4E98B2839D12F00C31ACC /* OriruyoTests.xctest */,
				85A4E9952839D12F00C31ACC /* OriruyoUITests.xctest */,
			);
			name = Products;
			sourceTree = "<group>";
		};
		85A4E9772839D12B00C31ACC /* Oriruyo */ = {
			isa = PBXGroup;
			children = (
				85EBB0B3285181D400105C12 /* Oriruyo.entitlements */,
				85A4E9782839D12B00C31ACC /* AppDelegate.swift */,
				85A4E97A2839D12B00C31ACC /* SceneDelegate.swift */,
				85A4E9B72845980D00C31ACC /* MapViewController.swift */,
				85A4E9A82839D9C900C31ACC /* SetDestViewController.swift */,
				85A4E9B328405FF800C31ACC /* SearchViewController.swift */,
				85A4E97E2839D12B00C31ACC /* Main.storyboard */,
				85A4E9B5284061EC00C31ACC /* CustomFloatingPanelLayout.swift */,
				85EB2BD7284B9E26001A19B4 /* SetDestFloatingPanelLayout.swift */,
				85A4E9812839D12E00C31ACC /* Assets.xcassets */,
				85A4E9832839D12E00C31ACC /* LaunchScreen.storyboard */,
				85A4E9862839D12E00C31ACC /* Info.plist */,
			);
			path = Oriruyo;
			sourceTree = "<group>";
		};
/* End PBXGroup section */

/* Begin PBXNativeTarget section */
		85A4E9742839D12B00C31ACC /* Oriruyo */ = {
			isa = PBXNativeTarget;
			buildConfigurationList = 85A4E99F2839D12F00C31ACC /* Build configuration list for PBXNativeTarget "Oriruyo" */;
			buildPhases = (
				85A4E9712839D12B00C31ACC /* Sources */,
				85A4E9722839D12B00C31ACC /* Frameworks */,
				85A4E9732839D12B00C31ACC /* Resources */,
			);
			buildRules = (
			);
			dependencies = (
			);
			name = Oriruyo;
			packageProductDependencies = (
				85A4E9AB283B7CD000C31ACC /* FloatingPanel */,
			);
			productName = Oriruyo;
			productReference = 85A4E9752839D12B00C31ACC /* Oriruyo.app */;
			productType = "com.apple.product-type.application";
		};
		85A4E98A2839D12F00C31ACC /* OriruyoTests */ = {
			isa = PBXNativeTarget;
			buildConfigurationList = 85A4E9A22839D12F00C31ACC /* Build configuration list for PBXNativeTarget "OriruyoTests" */;
			buildPhases = (
				85A4E9872839D12F00C31ACC /* Sources */,
				85A4E9882839D12F00C31ACC /* Frameworks */,
				85A4E9892839D12F00C31ACC /* Resources */,
			);
			buildRules = (
			);
			dependencies = (
				85A4E98D2839D12F00C31ACC /* PBXTargetDependency */,
			);
			name = OriruyoTests;
			productName = OriruyoTests;
			productReference = 85A4E98B2839D12F00C31ACC /* OriruyoTests.xctest */;
			productType = "com.apple.product-type.bundle.unit-test";
		};
		85A4E9942839D12F00C31ACC /* OriruyoUITests */ = {
			isa = PBXNativeTarget;
			buildConfigurationList = 85A4E9A52839D12F00C31ACC /* Build configuration list for PBXNativeTarget "OriruyoUITests" */;
			buildPhases = (
				85A4E9912839D12F00C31ACC /* Sources */,
				85A4E9922839D12F00C31ACC /* Frameworks */,
				85A4E9932839D12F00C31ACC /* Resources */,
			);
			buildRules = (
			);
			dependencies = (
				85A4E9972839D12F00C31ACC /* PBXTargetDependency */,
			);
			name = OriruyoUITests;
			productName = OriruyoUITests;
			productReference = 85A4E9952839D12F00C31ACC /* OriruyoUITests.xctest */;
			productType = "com.apple.product-type.bundle.ui-testing";
		};
/* End PBXNativeTarget section */

/* Begin PBXProject section */
		85A4E96D2839D12B00C31ACC /* Project object */ = {
			isa = PBXProject;
			attributes = {
				BuildIndependentTargetsInParallel = 1;
				LastSwiftUpdateCheck = 1340;
				LastUpgradeCheck = 1340;
				TargetAttributes = {
					85A4E9742839D12B00C31ACC = {
						CreatedOnToolsVersion = 13.4;
					};
					85A4E98A2839D12F00C31ACC = {
						CreatedOnToolsVersion = 13.4;
						TestTargetID = 85A4E9742839D12B00C31ACC;
					};
					85A4E9942839D12F00C31ACC = {
						CreatedOnToolsVersion = 13.4;
						TestTargetID = 85A4E9742839D12B00C31ACC;
					};
				};
			};
			buildConfigurationList = 85A4E9702839D12B00C31ACC /* Build configuration list for PBXProject "Oriruyo" */;
			compatibilityVersion = "Xcode 13.0";
			developmentRegion = en;
			hasScannedForEncodings = 0;
			knownRegions = (
				en,
				Base,
			);
			mainGroup = 85A4E96C2839D12B00C31ACC;
			packageReferences = (
				85A4E9AA283B7CD000C31ACC /* XCRemoteSwiftPackageReference "FloatingPanel" */,
			);
			productRefGroup = 85A4E9762839D12B00C31ACC /* Products */;
			projectDirPath = "";
			projectRoot = "";
			targets = (
				85A4E9742839D12B00C31ACC /* Oriruyo */,
				85A4E98A2839D12F00C31ACC /* OriruyoTests */,
				85A4E9942839D12F00C31ACC /* OriruyoUITests */,
			);
		};
/* End PBXProject section */

/* Begin PBXResourcesBuildPhase section */
		85A4E9732839D12B00C31ACC /* Resources */ = {
			isa = PBXResourcesBuildPhase;
			buildActionMask = 2147483647;
			files = (
				85A4E9852839D12E00C31ACC /* LaunchScreen.storyboard in Resources */,
				85A4E9822839D12E00C31ACC /* Assets.xcassets in Resources */,
				85A4E9802839D12B00C31ACC /* Main.storyboard in Resources */,
			);
			runOnlyForDeploymentPostprocessing = 0;
		};
		85A4E9892839D12F00C31ACC /* Resources */ = {
			isa = PBXResourcesBuildPhase;
			buildActionMask = 2147483647;
			files = (
			);
			runOnlyForDeploymentPostprocessing = 0;
		};
		85A4E9932839D12F00C31ACC /* Resources */ = {
			isa = PBXResourcesBuildPhase;
			buildActionMask = 2147483647;
			files = (
			);
			runOnlyForDeploymentPostprocessing = 0;
		};
/* End PBXResourcesBuildPhase section */

/* Begin PBXSourcesBuildPhase section */
		85A4E9712839D12B00C31ACC /* Sources */ = {
			isa = PBXSourcesBuildPhase;
			buildActionMask = 2147483647;
			files = (
				85A4E9B428405FF800C31ACC /* SearchViewController.swift in Sources */,
				85EB2BD8284B9E26001A19B4 /* SetDestFloatingPanelLayout.swift in Sources */,
				85A4E9A92839D9C900C31ACC /* SetDestViewController.swift in Sources */,
				85A4E9792839D12B00C31ACC /* AppDelegate.swift in Sources */,
				85A4E97B2839D12B00C31ACC /* SceneDelegate.swift in Sources */,
				85A4E9B6284061EC00C31ACC /* CustomFloatingPanelLayout.swift in Sources */,
				85A4E9B82845980D00C31ACC /* MapViewController.swift in Sources */,
			);
			runOnlyForDeploymentPostprocessing = 0;
		};
		85A4E9872839D12F00C31ACC /* Sources */ = {
			isa = PBXSourcesBuildPhase;
			buildActionMask = 2147483647;
			files = (
			);
			runOnlyForDeploymentPostprocessing = 0;
		};
		85A4E9912839D12F00C31ACC /* Sources */ = {
			isa = PBXSourcesBuildPhase;
			buildActionMask = 2147483647;
			files = (
			);
			runOnlyForDeploymentPostprocessing = 0;
		};
/* End PBXSourcesBuildPhase section */

/* Begin PBXTargetDependency section */
		85A4E98D2839D12F00C31ACC /* PBXTargetDependency */ = {
			isa = PBXTargetDependency;
			target = 85A4E9742839D12B00C31ACC /* Oriruyo */;
			targetProxy = 85A4E98C2839D12F00C31ACC /* PBXContainerItemProxy */;
		};
		85A4E9972839D12F00C31ACC /* PBXTargetDependency */ = {
			isa = PBXTargetDependency;
			target = 85A4E9742839D12B00C31ACC /* Oriruyo */;
			targetProxy = 85A4E9962839D12F00C31ACC /* PBXContainerItemProxy */;
		};
/* End PBXTargetDependency section */

/* Begin PBXVariantGroup section */
		85A4E97E2839D12B00C31ACC /* Main.storyboard */ = {
			isa = PBXVariantGroup;
			children = (
				85A4E97F2839D12B00C31ACC /* Base */,
			);
			name = Main.storyboard;
			sourceTree = "<group>";
		};
		85A4E9832839D12E00C31ACC /* LaunchScreen.storyboard */ = {
			isa = PBXVariantGroup;
			children = (
				85A4E9842839D12E00C31ACC /* Base */,
			);
			name = LaunchScreen.storyboard;
			sourceTree = "<group>";
		};
/* End PBXVariantGroup section */

/* Begin XCBuildConfiguration section */
		85A4E99D2839D12F00C31ACC /* Debug */ = {
			isa = XCBuildConfiguration;
			buildSettings = {
				ALWAYS_SEARCH_USER_PATHS = NO;
				CLANG_ANALYZER_NONNULL = YES;
				CLANG_ANALYZER_NUMBER_OBJECT_CONVERSION = YES_AGGRESSIVE;
				CLANG_CXX_LANGUAGE_STANDARD = "gnu++17";
				CLANG_ENABLE_MODULES = YES;
				CLANG_ENABLE_OBJC_ARC = YES;
				CLANG_ENABLE_OBJC_WEAK = YES;
				CLANG_WARN_BLOCK_CAPTURE_AUTORELEASING = YES;
				CLANG_WARN_BOOL_CONVERSION = YES;
				CLANG_WARN_COMMA = YES;
				CLANG_WARN_CONSTANT_CONVERSION = YES;
				CLANG_WARN_DEPRECATED_OBJC_IMPLEMENTATIONS = YES;
				CLANG_WARN_DIRECT_OBJC_ISA_USAGE = YES_ERROR;
				CLANG_WARN_DOCUMENTATION_COMMENTS = YES;
				CLANG_WARN_EMPTY_BODY = YES;
				CLANG_WARN_ENUM_CONVERSION = YES;
				CLANG_WARN_INFINITE_RECURSION = YES;
				CLANG_WARN_INT_CONVERSION = YES;
				CLANG_WARN_NON_LITERAL_NULL_CONVERSION = YES;
				CLANG_WARN_OBJC_IMPLICIT_RETAIN_SELF = YES;
				CLANG_WARN_OBJC_LITERAL_CONVERSION = YES;
				CLANG_WARN_OBJC_ROOT_CLASS = YES_ERROR;
				CLANG_WARN_QUOTED_INCLUDE_IN_FRAMEWORK_HEADER = YES;
				CLANG_WARN_RANGE_LOOP_ANALYSIS = YES;
				CLANG_WARN_STRICT_PROTOTYPES = YES;
				CLANG_WARN_SUSPICIOUS_MOVE = YES;
				CLANG_WARN_UNGUARDED_AVAILABILITY = YES_AGGRESSIVE;
				CLANG_WARN_UNREACHABLE_CODE = YES;
				CLANG_WARN__DUPLICATE_METHOD_MATCH = YES;
				COPY_PHASE_STRIP = NO;
				DEBUG_INFORMATION_FORMAT = dwarf;
				ENABLE_STRICT_OBJC_MSGSEND = YES;
				ENABLE_TESTABILITY = YES;
				GCC_C_LANGUAGE_STANDARD = gnu11;
				GCC_DYNAMIC_NO_PIC = NO;
				GCC_NO_COMMON_BLOCKS = YES;
				GCC_OPTIMIZATION_LEVEL = 0;
				GCC_PREPROCESSOR_DEFINITIONS = (
					"DEBUG=1",
					"$(inherited)",
				);
				GCC_WARN_64_TO_32_BIT_CONVERSION = YES;
				GCC_WARN_ABOUT_RETURN_TYPE = YES_ERROR;
				GCC_WARN_UNDECLARED_SELECTOR = YES;
				GCC_WARN_UNINITIALIZED_AUTOS = YES_AGGRESSIVE;
				GCC_WARN_UNUSED_FUNCTION = YES;
				GCC_WARN_UNUSED_VARIABLE = YES;
				IPHONEOS_DEPLOYMENT_TARGET = 15.5;
				MTL_ENABLE_DEBUG_INFO = INCLUDE_SOURCE;
				MTL_FAST_MATH = YES;
				ONLY_ACTIVE_ARCH = YES;
				SDKROOT = iphoneos;
				SWIFT_ACTIVE_COMPILATION_CONDITIONS = DEBUG;
				SWIFT_OPTIMIZATION_LEVEL = "-Onone";
			};
			name = Debug;
		};
		85A4E99E2839D12F00C31ACC /* Release */ = {
			isa = XCBuildConfiguration;
			buildSettings = {
				ALWAYS_SEARCH_USER_PATHS = NO;
				CLANG_ANALYZER_NONNULL = YES;
				CLANG_ANALYZER_NUMBER_OBJECT_CONVERSION = YES_AGGRESSIVE;
				CLANG_CXX_LANGUAGE_STANDARD = "gnu++17";
				CLANG_ENABLE_MODULES = YES;
				CLANG_ENABLE_OBJC_ARC = YES;
				CLANG_ENABLE_OBJC_WEAK = YES;
				CLANG_WARN_BLOCK_CAPTURE_AUTORELEASING = YES;
				CLANG_WARN_BOOL_CONVERSION = YES;
				CLANG_WARN_COMMA = YES;
				CLANG_WARN_CONSTANT_CONVERSION = YES;
				CLANG_WARN_DEPRECATED_OBJC_IMPLEMENTATIONS = YES;
				CLANG_WARN_DIRECT_OBJC_ISA_USAGE = YES_ERROR;
				CLANG_WARN_DOCUMENTATION_COMMENTS = YES;
				CLANG_WARN_EMPTY_BODY = YES;
				CLANG_WARN_ENUM_CONVERSION = YES;
				CLANG_WARN_INFINITE_RECURSION = YES;
				CLANG_WARN_INT_CONVERSION = YES;
				CLANG_WARN_NON_LITERAL_NULL_CONVERSION = YES;
				CLANG_WARN_OBJC_IMPLICIT_RETAIN_SELF = YES;
				CLANG_WARN_OBJC_LITERAL_CONVERSION = YES;
				CLANG_WARN_OBJC_ROOT_CLASS = YES_ERROR;
				CLANG_WARN_QUOTED_INCLUDE_IN_FRAMEWORK_HEADER = YES;
				CLANG_WARN_RANGE_LOOP_ANALYSIS = YES;
				CLANG_WARN_STRICT_PROTOTYPES = YES;
				CLANG_WARN_SUSPICIOUS_MOVE = YES;
				CLANG_WARN_UNGUARDED_AVAILABILITY = YES_AGGRESSIVE;
				CLANG_WARN_UNREACHABLE_CODE = YES;
				CLANG_WARN__DUPLICATE_METHOD_MATCH = YES;
				COPY_PHASE_STRIP = NO;
				DEBUG_INFORMATION_FORMAT = "dwarf-with-dsym";
				ENABLE_NS_ASSERTIONS = NO;
				ENABLE_STRICT_OBJC_MSGSEND = YES;
				GCC_C_LANGUAGE_STANDARD = gnu11;
				GCC_NO_COMMON_BLOCKS = YES;
				GCC_WARN_64_TO_32_BIT_CONVERSION = YES;
				GCC_WARN_ABOUT_RETURN_TYPE = YES_ERROR;
				GCC_WARN_UNDECLARED_SELECTOR = YES;
				GCC_WARN_UNINITIALIZED_AUTOS = YES_AGGRESSIVE;
				GCC_WARN_UNUSED_FUNCTION = YES;
				GCC_WARN_UNUSED_VARIABLE = YES;
				IPHONEOS_DEPLOYMENT_TARGET = 15.5;
				MTL_ENABLE_DEBUG_INFO = NO;
				MTL_FAST_MATH = YES;
				SDKROOT = iphoneos;
				SWIFT_COMPILATION_MODE = wholemodule;
				SWIFT_OPTIMIZATION_LEVEL = "-O";
				VALIDATE_PRODUCT = YES;
			};
			name = Release;
		};
		85A4E9A02839D12F00C31ACC /* Debug */ = {
			isa = XCBuildConfiguration;
			buildSettings = {
				ASSETCATALOG_COMPILER_APPICON_NAME = AppIcon;
				ASSETCATALOG_COMPILER_GLOBAL_ACCENT_COLOR_NAME = AccentColor;
				CODE_SIGN_ENTITLEMENTS = Oriruyo/Oriruyo.entitlements;
				CODE_SIGN_STYLE = Automatic;
				CURRENT_PROJECT_VERSION = 1;
				DEVELOPMENT_TEAM = NWPYC5C8JF;
				GENERATE_INFOPLIST_FILE = YES;
				INFOPLIST_FILE = Oriruyo/Info.plist;
				INFOPLIST_KEY_CFBundleDisplayName = ORIRUYO;
				INFOPLIST_KEY_NSLocationAlwaysAndWhenInUseUsageDescription = "アプリがバックグラウンド状態の場合でも通知を送信するため常に位置情報を取得します。「常に許可」を選択してください。";
				INFOPLIST_KEY_NSLocationWhenInUseUsageDescription = "適切な位置で通知を送信するために位置情報を取得します。ここでは「このAppの使用中のみ許可」を選択してください。";
				INFOPLIST_KEY_UIApplicationSupportsIndirectInputEvents = YES;
				INFOPLIST_KEY_UILaunchStoryboardName = LaunchScreen;
				INFOPLIST_KEY_UIMainStoryboardFile = Main;
				INFOPLIST_KEY_UISupportedInterfaceOrientations_iPad = "UIInterfaceOrientationPortrait UIInterfaceOrientationPortraitUpsideDown UIInterfaceOrientationLandscapeLeft UIInterfaceOrientationLandscapeRight";
				INFOPLIST_KEY_UISupportedInterfaceOrientations_iPhone = "UIInterfaceOrientationPortrait UIInterfaceOrientationLandscapeLeft UIInterfaceOrientationLandscapeRight";
				IPHONEOS_DEPLOYMENT_TARGET = 14.0;
				LD_RUNPATH_SEARCH_PATHS = (
					"$(inherited)",
					"@executable_path/Frameworks",
				);
				MARKETING_VERSION = 1.0;
				PRODUCT_BUNDLE_IDENTIFIER = com.kudoayana.Oriruyo;
				PRODUCT_NAME = "$(TARGET_NAME)";
				SWIFT_EMIT_LOC_STRINGS = YES;
				SWIFT_VERSION = 5.0;
				TARGETED_DEVICE_FAMILY = 1;
			};
			name = Debug;
		};
		85A4E9A12839D12F00C31ACC /* Release */ = {
			isa = XCBuildConfiguration;
			buildSettings = {
				ASSETCATALOG_COMPILER_APPICON_NAME = AppIcon;
				ASSETCATALOG_COMPILER_GLOBAL_ACCENT_COLOR_NAME = AccentColor;
				CODE_SIGN_ENTITLEMENTS = Oriruyo/Oriruyo.entitlements;
				CODE_SIGN_STYLE = Automatic;
				CURRENT_PROJECT_VERSION = 1;
				DEVELOPMENT_TEAM = NWPYC5C8JF;
				GENERATE_INFOPLIST_FILE = YES;
				INFOPLIST_FILE = Oriruyo/Info.plist;
				INFOPLIST_KEY_CFBundleDisplayName = ORIRUYO;
				INFOPLIST_KEY_NSLocationAlwaysAndWhenInUseUsageDescription = "アプリがバックグラウンド状態の場合でも通知を送信するため常に位置情報を取得します。「常に許可」を選択してください。";
				INFOPLIST_KEY_NSLocationWhenInUseUsageDescription = "適切な位置で通知を送信するために位置情報を取得します。ここでは「このAppの使用中のみ許可」を選択してください。";
				INFOPLIST_KEY_UIApplicationSupportsIndirectInputEvents = YES;
				INFOPLIST_KEY_UILaunchStoryboardName = LaunchScreen;
				INFOPLIST_KEY_UIMainStoryboardFile = Main;
				INFOPLIST_KEY_UISupportedInterfaceOrientations_iPad = "UIInterfaceOrientationPortrait UIInterfaceOrientationPortraitUpsideDown UIInterfaceOrientationLandscapeLeft UIInterfaceOrientationLandscapeRight";
				INFOPLIST_KEY_UISupportedInterfaceOrientations_iPhone = "UIInterfaceOrientationPortrait UIInterfaceOrientationLandscapeLeft UIInterfaceOrientationLandscapeRight";
				IPHONEOS_DEPLOYMENT_TARGET = 14.0;
				LD_RUNPATH_SEARCH_PATHS = (
					"$(inherited)",
					"@executable_path/Frameworks",
				);
				MARKETING_VERSION = 1.0;
				PRODUCT_BUNDLE_IDENTIFIER = com.kudoayana.Oriruyo;
				PRODUCT_NAME = "$(TARGET_NAME)";
				SWIFT_EMIT_LOC_STRINGS = YES;
				SWIFT_VERSION = 5.0;
				TARGETED_DEVICE_FAMILY = 1;
			};
			name = Release;
		};
		85A4E9A32839D12F00C31ACC /* Debug */ = {
			isa = XCBuildConfiguration;
			buildSettings = {
				ALWAYS_EMBED_SWIFT_STANDARD_LIBRARIES = YES;
				BUNDLE_LOADER = "$(TEST_HOST)";
				CODE_SIGN_STYLE = Automatic;
				CURRENT_PROJECT_VERSION = 1;
				DEVELOPMENT_TEAM = NWPYC5C8JF;
				GENERATE_INFOPLIST_FILE = YES;
				IPHONEOS_DEPLOYMENT_TARGET = 15.5;
				MARKETING_VERSION = 1.0;
				PRODUCT_BUNDLE_IDENTIFIER = com.kudoayana.OriruyoTests;
				PRODUCT_NAME = "$(TARGET_NAME)";
				SWIFT_EMIT_LOC_STRINGS = NO;
				SWIFT_VERSION = 5.0;
				TARGETED_DEVICE_FAMILY = "1,2";
				TEST_HOST = "$(BUILT_PRODUCTS_DIR)/Oriruyo.app/Oriruyo";
			};
			name = Debug;
		};
		85A4E9A42839D12F00C31ACC /* Release */ = {
			isa = XCBuildConfiguration;
			buildSettings = {
				ALWAYS_EMBED_SWIFT_STANDARD_LIBRARIES = YES;
				BUNDLE_LOADER = "$(TEST_HOST)";
				CODE_SIGN_STYLE = Automatic;
				CURRENT_PROJECT_VERSION = 1;
				DEVELOPMENT_TEAM = NWPYC5C8JF;
				GENERATE_INFOPLIST_FILE = YES;
				IPHONEOS_DEPLOYMENT_TARGET = 15.5;
				MARKETING_VERSION = 1.0;
				PRODUCT_BUNDLE_IDENTIFIER = com.kudoayana.OriruyoTests;
				PRODUCT_NAME = "$(TARGET_NAME)";
				SWIFT_EMIT_LOC_STRINGS = NO;
				SWIFT_VERSION = 5.0;
				TARGETED_DEVICE_FAMILY = "1,2";
				TEST_HOST = "$(BUILT_PRODUCTS_DIR)/Oriruyo.app/Oriruyo";
			};
			name = Release;
		};
		85A4E9A62839D12F00C31ACC /* Debug */ = {
			isa = XCBuildConfiguration;
			buildSettings = {
				ALWAYS_EMBED_SWIFT_STANDARD_LIBRARIES = YES;
				CODE_SIGN_STYLE = Automatic;
				CURRENT_PROJECT_VERSION = 1;
				DEVELOPMENT_TEAM = NWPYC5C8JF;
				GENERATE_INFOPLIST_FILE = YES;
				MARKETING_VERSION = 1.0;
				PRODUCT_BUNDLE_IDENTIFIER = com.kudoayana.OriruyoUITests;
				PRODUCT_NAME = "$(TARGET_NAME)";
				SWIFT_EMIT_LOC_STRINGS = NO;
				SWIFT_VERSION = 5.0;
				TARGETED_DEVICE_FAMILY = "1,2";
				TEST_TARGET_NAME = Oriruyo;
			};
			name = Debug;
		};
		85A4E9A72839D12F00C31ACC /* Release */ = {
			isa = XCBuildConfiguration;
			buildSettings = {
				ALWAYS_EMBED_SWIFT_STANDARD_LIBRARIES = YES;
				CODE_SIGN_STYLE = Automatic;
				CURRENT_PROJECT_VERSION = 1;
				DEVELOPMENT_TEAM = NWPYC5C8JF;
				GENERATE_INFOPLIST_FILE = YES;
				MARKETING_VERSION = 1.0;
				PRODUCT_BUNDLE_IDENTIFIER = com.kudoayana.OriruyoUITests;
				PRODUCT_NAME = "$(TARGET_NAME)";
				SWIFT_EMIT_LOC_STRINGS = NO;
				SWIFT_VERSION = 5.0;
				TARGETED_DEVICE_FAMILY = "1,2";
				TEST_TARGET_NAME = Oriruyo;
			};
			name = Release;
		};
/* End XCBuildConfiguration section */

/* Begin XCConfigurationList section */
		85A4E9702839D12B00C31ACC /* Build configuration list for PBXProject "Oriruyo" */ = {
			isa = XCConfigurationList;
			buildConfigurations = (
				85A4E99D2839D12F00C31ACC /* Debug */,
				85A4E99E2839D12F00C31ACC /* Release */,
			);
			defaultConfigurationIsVisible = 0;
			defaultConfigurationName = Release;
		};
		85A4E99F2839D12F00C31ACC /* Build configuration list for PBXNativeTarget "Oriruyo" */ = {
			isa = XCConfigurationList;
			buildConfigurations = (
				85A4E9A02839D12F00C31ACC /* Debug */,
				85A4E9A12839D12F00C31ACC /* Release */,
			);
			defaultConfigurationIsVisible = 0;
			defaultConfigurationName = Release;
		};
		85A4E9A22839D12F00C31ACC /* Build configuration list for PBXNativeTarget "OriruyoTests" */ = {
			isa = XCConfigurationList;
			buildConfigurations = (
				85A4E9A32839D12F00C31ACC /* Debug */,
				85A4E9A42839D12F00C31ACC /* Release */,
			);
			defaultConfigurationIsVisible = 0;
			defaultConfigurationName = Release;
		};
		85A4E9A52839D12F00C31ACC /* Build configuration list for PBXNativeTarget "OriruyoUITests" */ = {
			isa = XCConfigurationList;
			buildConfigurations = (
				85A4E9A62839D12F00C31ACC /* Debug */,
				85A4E9A72839D12F00C31ACC /* Release */,
			);
			defaultConfigurationIsVisible = 0;
			defaultConfigurationName = Release;
		};
/* End XCConfigurationList section */

/* Begin XCRemoteSwiftPackageReference section */
		85A4E9AA283B7CD000C31ACC /* XCRemoteSwiftPackageReference "FloatingPanel" */ = {
			isa = XCRemoteSwiftPackageReference;
			repositoryURL = "https://github.com/scenee/FloatingPanel";
			requirement = {
				kind = upToNextMajorVersion;
				minimumVersion = 2.0.0;
			};
		};
/* End XCRemoteSwiftPackageReference section */

/* Begin XCSwiftPackageProductDependency section */
		85A4E9AB283B7CD000C31ACC /* FloatingPanel */ = {
			isa = XCSwiftPackageProductDependency;
			package = 85A4E9AA283B7CD000C31ACC /* XCRemoteSwiftPackageReference "FloatingPanel" */;
			productName = FloatingPanel;
		};
/* End XCSwiftPackageProductDependency section */
	};
	rootObject = 85A4E96D2839D12B00C31ACC /* Project object */;
}
